
Microsoft Visual Studio Solution File, Format Version 12.00
# Visual Studio Version 17
VisualStudioVersion = 17.10.35027.167
MinimumVisualStudioVersion = 10.0.40219.1
Project("{9A19103F-16F7-4668-BE54-9A1E7A4F7556}") = "FlowCare.Api", "FlowCare.Api.csproj", "{8B62A731-EDAD-4A74-B491-8EDE043A2523}"
EndProject
Global
	GlobalSection(SolutionConfigurationPlatforms) = preSolution
		Debug|Any CPU = Debug|Any CPU
		Release|Any CPU = Release|Any CPU
	EndGlobalSection
	GlobalSection(ProjectConfigurationPlatforms) = postSolution
		{8B62A731-EDAD-4A74-B491-8EDE043A2523}.Debug|Any CPU.ActiveCfg = Debug|Any CPU
		{8B62A731-EDAD-4A74-B491-8EDE043A2523}.Debug|Any CPU.Build.0 = Debug|Any CPU
		{8B62A731-EDAD-4A74-B491-8EDE043A2523}.Release|Any CPU.ActiveCfg = Release|Any CPU
		{8B62A731-EDAD-4A74-B491-8EDE043A2523}.Release|Any CPU.Build.0 = Release|Any CPU
	EndGlobalSection
	GlobalSection(SolutionProperties) = preSolution
		HideSolutionNode = FALSE
	EndGlobalSection
	GlobalSection(ExtensibilityGlobals) = postSolution
		SolutionGuid = {4CBAE605-C9AA-40B6-810E-EE1472C102A9}
	EndGlobalSection
EndGlobal
